
Microsoft Visual Studio Solution File, Format Version 12.00
# Visual Studio Version 17
VisualStudioVersion = 17.13.35931.197 d17.13
MinimumVisualStudioVersion = 10.0.40219.1
Project("{FAE04EC0-301F-11D3-BF4B-00C04F79EFBC}") = "GestionTaller", "GestionTaller\GestionTaller.csproj", "{A11A9FE4-5665-4BE6-AEE5-F1BBDB2D84FA}"
EndProject
Global
	GlobalSection(SolutionConfigurationPlatforms) = preSolution
		Debug|Any CPU = Debug|Any CPU
		Release|Any CPU = Release|Any CPU
	EndGlobalSection
	GlobalSection(ProjectConfigurationPlatforms) = postSolution
		{A11A9FE4-5665-4BE6-AEE5-F1BBDB2D84FA}.Debug|Any CPU.ActiveCfg = Debug|Any CPU
		{A11A9FE4-5665-4BE6-AEE5-F1BBDB2D84FA}.Debug|Any CPU.Build.0 = Debug|Any CPU
		{A11A9FE4-5665-4BE6-AEE5-F1BBDB2D84FA}.Release|Any CPU.ActiveCfg = Release|Any CPU
		{A11A9FE4-5665-4BE6-AEE5-F1BBDB2D84FA}.Release|Any CPU.Build.0 = Release|Any CPU
	EndGlobalSection
	GlobalSection(SolutionProperties) = preSolution
		HideSolutionNode = FALSE
	EndGlobalSection
	GlobalSection(ExtensibilityGlobals) = postSolution
		SolutionGuid = {0D743E01-BEF5-4AC6-8079-15722E87D374}
	EndGlobalSection
EndGlobal
